
Microsoft Visual Studio Solution File, Format Version 12.00
# Visual Studio Version 17
VisualStudioVersion = 17.1.32407.343
MinimumVisualStudioVersion = 10.0.40219.1
Project("{9A19103F-16F7-4668-BE54-9A1E7A4F7556}") = "AWSLambdaFileConvert", "Demo\AWS_Lambda\AWSLambdaFileConvert.csproj", "{A7C032D2-27CC-4525-A094-FD7D6418BA31}"
EndProject
Project("{D954291E-2A0B-460D-934E-DC6B0785DB48}") = "BinRXD", "RXD\BinRXD\BinRXD.shproj", "{30D6E0C6-5E82-4FFC-B4CA-C4D671E26C53}"
EndProject
Project("{D954291E-2A0B-460D-934E-DC6B0785DB48}") = "InfluxShared", "SharedTools\InfluxShared\InfluxShared.shproj", "{5D304DB9-4A8E-453F-89E1-34A74F91E0EF}"
EndProject
Project("{D954291E-2A0B-460D-934E-DC6B0785DB48}") = "MDF4xx", "MDF4xx\MDF4xx\MDF4xx.shproj", "{432F235E-6775-4749-A2EF-827359BAB8E5}"
EndProject
Project("{D954291E-2A0B-460D-934E-DC6B0785DB48}") = "MatlabFile", "Matlab\MatlabFile\MatlabFile.shproj", "{BC796A4E-2F4E-441F-BE3B-3BF8C11C5B6F}"
EndProject
Project("{9A19103F-16F7-4668-BE54-9A1E7A4F7556}") = "WinFormsApp1", "WinFormsApp1\WinFormsApp1.csproj", "{BC750A54-515A-4182-BB11-D19C5FB2F397}"
EndProject
Project("{9A19103F-16F7-4668-BE54-9A1E7A4F7556}") = "MinIOFileConvert", "MinIO\MinIOFileConvert\MinIOFileConvert.csproj", "{9F7F3A81-D134-4EFE-B854-3B12F6BF55C3}"
EndProject
Project("{D954291E-2A0B-460D-934E-DC6B0785DB48}") = "DbcParser", "DbcParser\DbcParser.shproj", "{CBD41CAC-6CD2-42DA-951E-6ADE1D8657D0}"
EndProject
Project("{D954291E-2A0B-460D-934E-DC6B0785DB48}") = "Cloud", "Cloud\Cloud.shproj", "{11DD53D9-3BC3-470F-AD9F-089970CD943B}"
EndProject
Global
	GlobalSection(SolutionConfigurationPlatforms) = preSolution
		Debug|Any CPU = Debug|Any CPU
		Release|Any CPU = Release|Any CPU
	EndGlobalSection
	GlobalSection(ProjectConfigurationPlatforms) = postSolution
		{A7C032D2-27CC-4525-A094-FD7D6418BA31}.Debug|Any CPU.ActiveCfg = Debug|Any CPU
		{A7C032D2-27CC-4525-A094-FD7D6418BA31}.Debug|Any CPU.Build.0 = Debug|Any CPU
		{A7C032D2-27CC-4525-A094-FD7D6418BA31}.Release|Any CPU.ActiveCfg = Release|Any CPU
		{A7C032D2-27CC-4525-A094-FD7D6418BA31}.Release|Any CPU.Build.0 = Release|Any CPU
		{BC750A54-515A-4182-BB11-D19C5FB2F397}.Debug|Any CPU.ActiveCfg = Debug|Any CPU
		{BC750A54-515A-4182-BB11-D19C5FB2F397}.Debug|Any CPU.Build.0 = Debug|Any CPU
		{BC750A54-515A-4182-BB11-D19C5FB2F397}.Release|Any CPU.ActiveCfg = Release|Any CPU
		{BC750A54-515A-4182-BB11-D19C5FB2F397}.Release|Any CPU.Build.0 = Release|Any CPU
		{9F7F3A81-D134-4EFE-B854-3B12F6BF55C3}.Debug|Any CPU.ActiveCfg = Debug|Any CPU
		{9F7F3A81-D134-4EFE-B854-3B12F6BF55C3}.Debug|Any CPU.Build.0 = Debug|Any CPU
		{9F7F3A81-D134-4EFE-B854-3B12F6BF55C3}.Release|Any CPU.ActiveCfg = Release|Any CPU
		{9F7F3A81-D134-4EFE-B854-3B12F6BF55C3}.Release|Any CPU.Build.0 = Release|Any CPU
	EndGlobalSection
	GlobalSection(SolutionProperties) = preSolution
		HideSolutionNode = FALSE
	EndGlobalSection
	GlobalSection(ExtensibilityGlobals) = postSolution
		SolutionGuid = {125BCBFE-3981-4ED4-9463-6ABB54831DF9}
	EndGlobalSection
	GlobalSection(SharedMSBuildProjectFiles) = preSolution
		Cloud\Cloud.projitems*{11dd53d9-3bc3-470f-ad9f-089970cd943b}*SharedItemsImports = 13
		RXD\BinRXD\BinRXD.projitems*{30d6e0c6-5e82-4ffc-b4ca-c4d671e26c53}*SharedItemsImports = 13
		MDF4xx\MDF4xx\MDF4xx.projitems*{432f235e-6775-4749-a2ef-827359bab8e5}*SharedItemsImports = 13
		SharedTools\InfluxShared\InfluxShared.projitems*{5d304db9-4a8e-453f-89e1-34a74f91e0ef}*SharedItemsImports = 13
		Cloud\Cloud.projitems*{9f7f3a81-d134-4efe-b854-3b12f6bf55c3}*SharedItemsImports = 5
		DbcParser\DbcParser.projitems*{9f7f3a81-d134-4efe-b854-3b12f6bf55c3}*SharedItemsImports = 5
		Matlab\MatlabFile\MatlabFile.projitems*{9f7f3a81-d134-4efe-b854-3b12f6bf55c3}*SharedItemsImports = 5
		MDF4xx\MDF4xx\MDF4xx.projitems*{9f7f3a81-d134-4efe-b854-3b12f6bf55c3}*SharedItemsImports = 5
		RXD\BinRXD\BinRXD.projitems*{9f7f3a81-d134-4efe-b854-3b12f6bf55c3}*SharedItemsImports = 5
		SharedTools\InfluxShared\InfluxShared.projitems*{9f7f3a81-d134-4efe-b854-3b12f6bf55c3}*SharedItemsImports = 5
		Cloud\Cloud.projitems*{a7c032d2-27cc-4525-a094-fd7d6418ba31}*SharedItemsImports = 5
		DbcParser\DbcParser.projitems*{a7c032d2-27cc-4525-a094-fd7d6418ba31}*SharedItemsImports = 5
		Matlab\MatlabFile\MatlabFile.projitems*{a7c032d2-27cc-4525-a094-fd7d6418ba31}*SharedItemsImports = 5
		MDF4xx\MDF4xx\MDF4xx.projitems*{a7c032d2-27cc-4525-a094-fd7d6418ba31}*SharedItemsImports = 5
		RXD\BinRXD\BinRXD.projitems*{a7c032d2-27cc-4525-a094-fd7d6418ba31}*SharedItemsImports = 5
		SharedTools\InfluxShared\InfluxShared.projitems*{a7c032d2-27cc-4525-a094-fd7d6418ba31}*SharedItemsImports = 5
		DbcParser\DbcParser.projitems*{bc750a54-515a-4182-bb11-d19c5fb2f397}*SharedItemsImports = 5
		Matlab\MatlabFile\MatlabFile.projitems*{bc750a54-515a-4182-bb11-d19c5fb2f397}*SharedItemsImports = 5
		MDF4xx\MDF4xx\MDF4xx.projitems*{bc750a54-515a-4182-bb11-d19c5fb2f397}*SharedItemsImports = 5
		RXD\BinRXD\BinRXD.projitems*{bc750a54-515a-4182-bb11-d19c5fb2f397}*SharedItemsImports = 5
		SharedTools\InfluxShared\InfluxShared.projitems*{bc750a54-515a-4182-bb11-d19c5fb2f397}*SharedItemsImports = 5
		Matlab\MatlabFile\MatlabFile.projitems*{bc796a4e-2f4e-441f-be3b-3bf8c11c5b6f}*SharedItemsImports = 13
		DbcParser\DbcParser.projitems*{cbd41cac-6cd2-42da-951e-6ade1d8657d0}*SharedItemsImports = 13
	EndGlobalSection
EndGlobal
