
Microsoft Visual Studio Solution File, Format Version 12.00
# Visual Studio Version 17
VisualStudioVersion = 17.1.32407.343
MinimumVisualStudioVersion = 10.0.40219.1
Project("{FAE04EC0-301F-11D3-BF4B-00C04F79EFBC}") = "RXDDemo", "RXDDemo.csproj", "{4077379D-5942-4D86-8A2E-1EFF5BAF9AA8}"
EndProject
Project("{D954291E-2A0B-460D-934E-DC6B0785DB48}") = "BinRXD", "..\BinRXD\BinRXD.shproj", "{30D6E0C6-5E82-4FFC-B4CA-C4D671E26C53}"
EndProject
Project("{D954291E-2A0B-460D-934E-DC6B0785DB48}") = "InfluxShared", "..\..\SharedTools\InfluxShared\InfluxShared.shproj", "{5D304DB9-4A8E-453F-89E1-34A74F91E0EF}"
EndProject
Project("{D954291E-2A0B-460D-934E-DC6B0785DB48}") = "MDF4xx", "..\..\MDF4xx\MDF4xx\MDF4xx.shproj", "{432F235E-6775-4749-A2EF-827359BAB8E5}"
EndProject
Global
	GlobalSection(SharedMSBuildProjectFiles) = preSolution
		..\BinRXD\BinRXD.projitems*{30d6e0c6-5e82-4ffc-b4ca-c4d671e26c53}*SharedItemsImports = 13
		..\..\MDF4xx\MDF4xx\MDF4xx.projitems*{4077379d-5942-4d86-8a2e-1eff5baf9aa8}*SharedItemsImports = 4
		..\BinRXD\BinRXD.projitems*{4077379d-5942-4d86-8a2e-1eff5baf9aa8}*SharedItemsImports = 4
		..\..\SharedTools\InfluxShared\InfluxShared.projitems*{4077379d-5942-4d86-8a2e-1eff5baf9aa8}*SharedItemsImports = 4
		..\..\MDF4xx\MDF4xx\MDF4xx.projitems*{432f235e-6775-4749-a2ef-827359bab8e5}*SharedItemsImports = 13
		..\..\SharedTools\InfluxShared\InfluxShared.projitems*{5d304db9-4a8e-453f-89e1-34a74f91e0ef}*SharedItemsImports = 13
	EndGlobalSection
	GlobalSection(SolutionConfigurationPlatforms) = preSolution
		Debug|Any CPU = Debug|Any CPU
		Release|Any CPU = Release|Any CPU
	EndGlobalSection
	GlobalSection(ProjectConfigurationPlatforms) = postSolution
		{4077379D-5942-4D86-8A2E-1EFF5BAF9AA8}.Debug|Any CPU.ActiveCfg = Debug|Any CPU
		{4077379D-5942-4D86-8A2E-1EFF5BAF9AA8}.Debug|Any CPU.Build.0 = Debug|Any CPU
		{4077379D-5942-4D86-8A2E-1EFF5BAF9AA8}.Release|Any CPU.ActiveCfg = Release|Any CPU
		{4077379D-5942-4D86-8A2E-1EFF5BAF9AA8}.Release|Any CPU.Build.0 = Release|Any CPU
	EndGlobalSection
	GlobalSection(SolutionProperties) = preSolution
		HideSolutionNode = FALSE
	EndGlobalSection
	GlobalSection(ExtensibilityGlobals) = postSolution
		SolutionGuid = {8237886A-3EC6-4A7A-BED3-5DFC4A4E9982}
	EndGlobalSection
EndGlobal
